// !$*UTF8*$!
{
	archiveVersion = 1;
	classes = {
	};
	objectVersion = 46;
	objects = {

/* Begin PBXFileReference section */
		AA7398CA1CD0FD4200CCBE04 /* test.pl */ = {isa = PBXFileReference; lastKnownFileType = text.script.perl; path = test.pl; sourceTree = "<group>"; };
		AA7398CB1CD0FDB100CCBE04 /* test2.pl */ = {isa = PBXFileReference; lastKnownFileType = text.script.perl; path = test2.pl; sourceTree = "<group>"; };
		AA7398D21CD0FE0400CCBE04 /* katze.sh */ = {isa = PBXFileReference; lastKnownFileType = text.script.sh; path = katze.sh; sourceTree = "<group>"; };
/* End PBXFileReference section */

/* Begin PBXGroup section */
		AA7398C31CD0F44100CCBE04 = {
			isa = PBXGroup;
			children = (
				AA7398CA1CD0FD4200CCBE04 /* test.pl */,
				AA7398CB1CD0FDB100CCBE04 /* test2.pl */,
				AA7398D21CD0FE0400CCBE04 /* katze.sh */,
			);
			sourceTree = "<group>";
		};
/* End PBXGroup section */

/* Begin PBXProject section */
		AA7398C41CD0F44100CCBE04 /* Project object */ = {
			isa = PBXProject;
			attributes = {
				LastUpgradeCheck = 0610;
			};
			buildConfigurationList = AA7398C71CD0F44100CCBE04 /* Build configuration list for PBXProject "GitHub" */;
			compatibilityVersion = "Xcode 3.2";
			developmentRegion = English;
			hasScannedForEncodings = 0;
			knownRegions = (
				en,
			);
			mainGroup = AA7398C31CD0F44100CCBE04;
			projectDirPath = "";
			projectRoot = "";
			targets = (
			);
		};
/* End PBXProject section */

/* Begin XCBuildConfiguration section */
		AA7398C81CD0F44100CCBE04 /* Debug */ = {
			isa = XCBuildConfiguration;
			buildSettings = {
			};
			name = Debug;
		};
		AA7398C91CD0F44100CCBE04 /* Release */ = {
			isa = XCBuildConfiguration;
			buildSettings = {
			};
			name = Release;
		};
/* End XCBuildConfiguration section */

/* Begin XCConfigurationList section */
		AA7398C71CD0F44100CCBE04 /* Build configuration list for PBXProject "GitHub" */ = {
			isa = XCConfigurationList;
			buildConfigurations = (
				AA7398C81CD0F44100CCBE04 /* Debug */,
				AA7398C91CD0F44100CCBE04 /* Release */,
			);
			defaultConfigurationIsVisible = 0;
			defaultConfigurationName = Release;
		};
/* End XCConfigurationList section */
	};
	rootObject = AA7398C41CD0F44100CCBE04 /* Project object */;
}
